// !$*UTF8*$!
{
	archiveVersion = 1;
	classes = {
	};
	objectVersion = 50;
	objects = {

/* Begin PBXBuildFile section */
		4F77FFB7243C64B600B1B07E /* hanwePodsTest.framework in Frameworks */ = {isa = PBXBuildFile; fileRef = 4F77FFAD243C64B600B1B07E /* hanwePodsTest.framework */; };
		4F77FFBC243C64B600B1B07E /* hanwePodsTestTests.swift in Sources */ = {isa = PBXBuildFile; fileRef = 4F77FFBB243C64B600B1B07E /* hanwePodsTestTests.swift */; };
		4F77FFBE243C64B600B1B07E /* hanwePodsTest.h in Headers */ = {isa = PBXBuildFile; fileRef = 4F77FFB0243C64B600B1B07E /* hanwePodsTest.h */; settings = {ATTRIBUTES = (Public, ); }; };
		4F77FFC8243C64D500B1B07E /* HanweClass.swift in Sources */ = {isa = PBXBuildFile; fileRef = 4F77FFC7243C64D500B1B07E /* HanweClass.swift */; };
/* End PBXBuildFile section */

/* Begin PBXContainerItemProxy section */
		4F77FFB8243C64B600B1B07E /* PBXContainerItemProxy */ = {
			isa = PBXContainerItemProxy;
			containerPortal = 4F77FFA4243C64B600B1B07E /* Project object */;
			proxyType = 1;
			remoteGlobalIDString = 4F77FFAC243C64B600B1B07E;
			remoteInfo = hanwePodsTest;
		};
/* End PBXContainerItemProxy section */

/* Begin PBXFileReference section */
		4F77FFAD243C64B600B1B07E /* hanwePodsTest.framework */ = {isa = PBXFileReference; explicitFileType = wrapper.framework; includeInIndex = 0; path = hanwePodsTest.framework; sourceTree = BUILT_PRODUCTS_DIR; };
		4F77FFB0243C64B600B1B07E /* hanwePodsTest.h */ = {isa = PBXFileReference; lastKnownFileType = sourcecode.c.h; path = hanwePodsTest.h; sourceTree = "<group>"; };
		4F77FFB1243C64B600B1B07E /* Info.plist */ = {isa = PBXFileReference; lastKnownFileType = text.plist.xml; path = Info.plist; sourceTree = "<group>"; };
		4F77FFB6243C64B600B1B07E /* hanwePodsTestTests.xctest */ = {isa = PBXFileReference; explicitFileType = wrapper.cfbundle; includeInIndex = 0; path = hanwePodsTestTests.xctest; sourceTree = BUILT_PRODUCTS_DIR; };
		4F77FFBB243C64B600B1B07E /* hanwePodsTestTests.swift */ = {isa = PBXFileReference; lastKnownFileType = sourcecode.swift; path = hanwePodsTestTests.swift; sourceTree = "<group>"; };
		4F77FFBD243C64B600B1B07E /* Info.plist */ = {isa = PBXFileReference; lastKnownFileType = text.plist.xml; path = Info.plist; sourceTree = "<group>"; };
		4F77FFC7243C64D500B1B07E /* HanweClass.swift */ = {isa = PBXFileReference; lastKnownFileType = sourcecode.swift; path = HanweClass.swift; sourceTree = "<group>"; };
/* End PBXFileReference section */

/* Begin PBXFrameworksBuildPhase section */
		4F77FFAA243C64B600B1B07E /* Frameworks */ = {
			isa = PBXFrameworksBuildPhase;
			buildActionMask = 2147483647;
			files = (
			);
			runOnlyForDeploymentPostprocessing = 0;
		};
		4F77FFB3243C64B600B1B07E /* Frameworks */ = {
			isa = PBXFrameworksBuildPhase;
			buildActionMask = 2147483647;
			files = (
				4F77FFB7243C64B600B1B07E /* hanwePodsTest.framework in Frameworks */,
			);
			runOnlyForDeploymentPostprocessing = 0;
		};
/* End PBXFrameworksBuildPhase section */

/* Begin PBXGroup section */
		4F77FFA3243C64B600B1B07E = {
			isa = PBXGroup;
			children = (
				4F77FFAF243C64B600B1B07E /* hanwePodsTest */,
				4F77FFBA243C64B600B1B07E /* hanwePodsTestTests */,
				4F77FFAE243C64B600B1B07E /* Products */,
			);
			sourceTree = "<group>";
		};
		4F77FFAE243C64B600B1B07E /* Products */ = {
			isa = PBXGroup;
			children = (
				4F77FFAD243C64B600B1B07E /* hanwePodsTest.framework */,
				4F77FFB6243C64B600B1B07E /* hanwePodsTestTests.xctest */,
			);
			name = Products;
			sourceTree = "<group>";
		};
		4F77FFAF243C64B600B1B07E /* hanwePodsTest */ = {
			isa = PBXGroup;
			children = (
				4F77FFB0243C64B600B1B07E /* hanwePodsTest.h */,
				4F77FFB1243C64B600B1B07E /* Info.plist */,
				4F77FFC7243C64D500B1B07E /* HanweClass.swift */,
			);
			path = hanwePodsTest;
			sourceTree = "<group>";
		};
		4F77FFBA243C64B600B1B07E /* hanwePodsTestTests */ = {
			isa = PBXGroup;
			children = (
				4F77FFBB243C64B600B1B07E /* hanwePodsTestTests.swift */,
				4F77FFBD243C64B600B1B07E /* Info.plist */,
			);
			path = hanwePodsTestTests;
			sourceTree = "<group>";
		};
/* End PBXGroup section */

/* Begin PBXHeadersBuildPhase section */
		4F77FFA8243C64B600B1B07E /* Headers */ = {
			isa = PBXHeadersBuildPhase;
			buildActionMask = 2147483647;
			files = (
				4F77FFBE243C64B600B1B07E /* hanwePodsTest.h in Headers */,
			);
			runOnlyForDeploymentPostprocessing = 0;
		};
/* End PBXHeadersBuildPhase section */

/* Begin PBXNativeTarget section */
		4F77FFAC243C64B600B1B07E /* hanwePodsTest */ = {
			isa = PBXNativeTarget;
			buildConfigurationList = 4F77FFC1243C64B600B1B07E /* Build configuration list for PBXNativeTarget "hanwePodsTest" */;
			buildPhases = (
				4F77FFA8243C64B600B1B07E /* Headers */,
				4F77FFA9243C64B600B1B07E /* Sources */,
				4F77FFAA243C64B600B1B07E /* Frameworks */,
				4F77FFAB243C64B600B1B07E /* Resources */,
			);
			buildRules = (
			);
			dependencies = (
			);
			name = hanwePodsTest;
			productName = hanwePodsTest;
			productReference = 4F77FFAD243C64B600B1B07E /* hanwePodsTest.framework */;
			productType = "com.apple.product-type.framework";
		};
		4F77FFB5243C64B600B1B07E /* hanwePodsTestTests */ = {
			isa = PBXNativeTarget;
			buildConfigurationList = 4F77FFC4243C64B600B1B07E /* Build configuration list for PBXNativeTarget "hanwePodsTestTests" */;
			buildPhases = (
				4F77FFB2243C64B600B1B07E /* Sources */,
				4F77FFB3243C64B600B1B07E /* Frameworks */,
				4F77FFB4243C64B600B1B07E /* Resources */,
			);
			buildRules = (
			);
			dependencies = (
				4F77FFB9243C64B600B1B07E /* PBXTargetDependency */,
			);
			name = hanwePodsTestTests;
			productName = hanwePodsTestTests;
			productReference = 4F77FFB6243C64B600B1B07E /* hanwePodsTestTests.xctest */;
			productType = "com.apple.product-type.bundle.unit-test";
		};
/* End PBXNativeTarget section */

/* Begin PBXProject section */
		4F77FFA4243C64B600B1B07E /* Project object */ = {
			isa = PBXProject;
			attributes = {
				LastSwiftUpdateCheck = 1140;
				LastUpgradeCheck = 1140;
				ORGANIZATIONNAME = "hanwe lee";
				TargetAttributes = {
					4F77FFAC243C64B600B1B07E = {
						CreatedOnToolsVersion = 11.4;
						LastSwiftMigration = 1140;
					};
					4F77FFB5243C64B600B1B07E = {
						CreatedOnToolsVersion = 11.4;
					};
				};
			};
			buildConfigurationList = 4F77FFA7243C64B600B1B07E /* Build configuration list for PBXProject "hanwePodsTest" */;
			compatibilityVersion = "Xcode 9.3";
			developmentRegion = en;
			hasScannedForEncodings = 0;
			knownRegions = (
				en,
				Base,
			);
			mainGroup = 4F77FFA3243C64B600B1B07E;
			productRefGroup = 4F77FFAE243C64B600B1B07E /* Products */;
			projectDirPath = "";
			projectRoot = "";
			targets = (
				4F77FFAC243C64B600B1B07E /* hanwePodsTest */,
				4F77FFB5243C64B600B1B07E /* hanwePodsTestTests */,
			);
		};
/* End PBXProject section */

/* Begin PBXResourcesBuildPhase section */
		4F77FFAB243C64B600B1B07E /* Resources */ = {
			isa = PBXResourcesBuildPhase;
			buildActionMask = 2147483647;
			files = (
			);
			runOnlyForDeploymentPostprocessing = 0;
		};
		4F77FFB4243C64B600B1B07E /* Resources */ = {
			isa = PBXResourcesBuildPhase;
			buildActionMask = 2147483647;
			files = (
			);
			runOnlyForDeploymentPostprocessing = 0;
		};
/* End PBXResourcesBuildPhase section */

/* Begin PBXSourcesBuildPhase section */
		4F77FFA9243C64B600B1B07E /* Sources */ = {
			isa = PBXSourcesBuildPhase;
			buildActionMask = 2147483647;
			files = (
				4F77FFC8243C64D500B1B07E /* HanweClass.swift in Sources */,
			);
			runOnlyForDeploymentPostprocessing = 0;
		};
		4F77FFB2243C64B600B1B07E /* Sources */ = {
			isa = PBXSourcesBuildPhase;
			buildActionMask = 2147483647;
			files = (
				4F77FFBC243C64B600B1B07E /* hanwePodsTestTests.swift in Sources */,
			);
			runOnlyForDeploymentPostprocessing = 0;
		};
/* End PBXSourcesBuildPhase section */

/* Begin PBXTargetDependency section */
		4F77FFB9243C64B600B1B07E /* PBXTargetDependency */ = {
			isa = PBXTargetDependency;
			target = 4F77FFAC243C64B600B1B07E /* hanwePodsTest */;
			targetProxy = 4F77FFB8243C64B600B1B07E /* PBXContainerItemProxy */;
		};
/* End PBXTargetDependency section */

/* Begin XCBuildConfiguration section */
		4F77FFBF243C64B600B1B07E /* Debug */ = {
			isa = XCBuildConfiguration;
			buildSettings = {
				ALWAYS_SEARCH_USER_PATHS = NO;
				CLANG_ANALYZER_NONNULL = YES;
				CLANG_ANALYZER_NUMBER_OBJECT_CONVERSION = YES_AGGRESSIVE;
				CLANG_CXX_LANGUAGE_STANDARD = "gnu++14";
				CLANG_CXX_LIBRARY = "libc++";
				CLANG_ENABLE_MODULES = YES;
				CLANG_ENABLE_OBJC_ARC = YES;
				CLANG_ENABLE_OBJC_WEAK = YES;
				CLANG_WARN_BLOCK_CAPTURE_AUTORELEASING = YES;
				CLANG_WARN_BOOL_CONVERSION = YES;
				CLANG_WARN_COMMA = YES;
				CLANG_WARN_CONSTANT_CONVERSION = YES;
				CLANG_WARN_DEPRECATED_OBJC_IMPLEMENTATIONS = YES;
				CLANG_WARN_DIRECT_OBJC_ISA_USAGE = YES_ERROR;
				CLANG_WARN_DOCUMENTATION_COMMENTS = YES;
				CLANG_WARN_EMPTY_BODY = YES;
				CLANG_WARN_ENUM_CONVERSION = YES;
				CLANG_WARN_INFINITE_RECURSION = YES;
				CLANG_WARN_INT_CONVERSION = YES;
				CLANG_WARN_NON_LITERAL_NULL_CONVERSION = YES;
				CLANG_WARN_OBJC_IMPLICIT_RETAIN_SELF = YES;
				CLANG_WARN_OBJC_LITERAL_CONVERSION = YES;
				CLANG_WARN_OBJC_ROOT_CLASS = YES_ERROR;
				CLANG_WARN_RANGE_LOOP_ANALYSIS = YES;
				CLANG_WARN_STRICT_PROTOTYPES = YES;
				CLANG_WARN_SUSPICIOUS_MOVE = YES;
				CLANG_WARN_UNGUARDED_AVAILABILITY = YES_AGGRESSIVE;
				CLANG_WARN_UNREACHABLE_CODE = YES;
				CLANG_WARN__DUPLICATE_METHOD_MATCH = YES;
				COPY_PHASE_STRIP = NO;
				CURRENT_PROJECT_VERSION = 1;
				DEBUG_INFORMATION_FORMAT = dwarf;
				ENABLE_STRICT_OBJC_MSGSEND = YES;
				ENABLE_TESTABILITY = YES;
				GCC_C_LANGUAGE_STANDARD = gnu11;
				GCC_DYNAMIC_NO_PIC = NO;
				GCC_NO_COMMON_BLOCKS = YES;
				GCC_OPTIMIZATION_LEVEL = 0;
				GCC_PREPROCESSOR_DEFINITIONS = (
					"DEBUG=1",
					"$(inherited)",
				);
				GCC_WARN_64_TO_32_BIT_CONVERSION = YES;
				GCC_WARN_ABOUT_RETURN_TYPE = YES_ERROR;
				GCC_WARN_UNDECLARED_SELECTOR = YES;
				GCC_WARN_UNINITIALIZED_AUTOS = YES_AGGRESSIVE;
				GCC_WARN_UNUSED_FUNCTION = YES;
				GCC_WARN_UNUSED_VARIABLE = YES;
				IPHONEOS_DEPLOYMENT_TARGET = 13.4;
				MTL_ENABLE_DEBUG_INFO = INCLUDE_SOURCE;
				MTL_FAST_MATH = YES;
				ONLY_ACTIVE_ARCH = YES;
				SDKROOT = iphoneos;
				SWIFT_ACTIVE_COMPILATION_CONDITIONS = DEBUG;
				SWIFT_OPTIMIZATION_LEVEL = "-Onone";
				VERSIONING_SYSTEM = "apple-generic";
				VERSION_INFO_PREFIX = "";
			};
			name = Debug;
		};
		4F77FFC0243C64B600B1B07E /* Release */ = {
			isa = XCBuildConfiguration;
			buildSettings = {
				ALWAYS_SEARCH_USER_PATHS = NO;
				CLANG_ANALYZER_NONNULL = YES;
				CLANG_ANALYZER_NUMBER_OBJECT_CONVERSION = YES_AGGRESSIVE;
				CLANG_CXX_LANGUAGE_STANDARD = "gnu++14";
				CLANG_CXX_LIBRARY = "libc++";
				CLANG_ENABLE_MODULES = YES;
				CLANG_ENABLE_OBJC_ARC = YES;
				CLANG_ENABLE_OBJC_WEAK = YES;
				CLANG_WARN_BLOCK_CAPTURE_AUTORELEASING = YES;
				CLANG_WARN_BOOL_CONVERSION = YES;
				CLANG_WARN_COMMA = YES;
				CLANG_WARN_CONSTANT_CONVERSION = YES;
				CLANG_WARN_DEPRECATED_OBJC_IMPLEMENTATIONS = YES;
				CLANG_WARN_DIRECT_OBJC_ISA_USAGE = YES_ERROR;
				CLANG_WARN_DOCUMENTATION_COMMENTS = YES;
				CLANG_WARN_EMPTY_BODY = YES;
				CLANG_WARN_ENUM_CONVERSION = YES;
				CLANG_WARN_INFINITE_RECURSION = YES;
				CLANG_WARN_INT_CONVERSION = YES;
				CLANG_WARN_NON_LITERAL_NULL_CONVERSION = YES;
				CLANG_WARN_OBJC_IMPLICIT_RETAIN_SELF = YES;
				CLANG_WARN_OBJC_LITERAL_CONVERSION = YES;
				CLANG_WARN_OBJC_ROOT_CLASS = YES_ERROR;
				CLANG_WARN_RANGE_LOOP_ANALYSIS = YES;
				CLANG_WARN_STRICT_PROTOTYPES = YES;
				CLANG_WARN_SUSPICIOUS_MOVE = YES;
				CLANG_WARN_UNGUARDED_AVAILABILITY = YES_AGGRESSIVE;
				CLANG_WARN_UNREACHABLE_CODE = YES;
				CLANG_WARN__DUPLICATE_METHOD_MATCH = YES;
				COPY_PHASE_STRIP = NO;
				CURRENT_PROJECT_VERSION = 1;
				DEBUG_INFORMATION_FORMAT = "dwarf-with-dsym";
				ENABLE_NS_ASSERTIONS = NO;
				ENABLE_STRICT_OBJC_MSGSEND = YES;
				GCC_C_LANGUAGE_STANDARD = gnu11;
				GCC_NO_COMMON_BLOCKS = YES;
				GCC_WARN_64_TO_32_BIT_CONVERSION = YES;
				GCC_WARN_ABOUT_RETURN_TYPE = YES_ERROR;
				GCC_WARN_UNDECLARED_SELECTOR = YES;
				GCC_WARN_UNINITIALIZED_AUTOS = YES_AGGRESSIVE;
				GCC_WARN_UNUSED_FUNCTION = YES;
				GCC_WARN_UNUSED_VARIABLE = YES;
				IPHONEOS_DEPLOYMENT_TARGET = 13.4;
				MTL_ENABLE_DEBUG_INFO = NO;
				MTL_FAST_MATH = YES;
				SDKROOT = iphoneos;
				SWIFT_COMPILATION_MODE = wholemodule;
				SWIFT_OPTIMIZATION_LEVEL = "-O";
				VALIDATE_PRODUCT = YES;
				VERSIONING_SYSTEM = "apple-generic";
				VERSION_INFO_PREFIX = "";
			};
			name = Release;
		};
		4F77FFC2243C64B600B1B07E /* Debug */ = {
			isa = XCBuildConfiguration;
			buildSettings = {
				CLANG_ENABLE_MODULES = YES;
				CODE_SIGN_STYLE = Automatic;
				DEFINES_MODULE = YES;
				DEVELOPMENT_TEAM = RXBUP6L48V;
				DYLIB_COMPATIBILITY_VERSION = 1;
				DYLIB_CURRENT_VERSION = 1;
				DYLIB_INSTALL_NAME_BASE = "@rpath";
				INFOPLIST_FILE = hanwePodsTest/Info.plist;
				INSTALL_PATH = "$(LOCAL_LIBRARY_DIR)/Frameworks";
				LD_RUNPATH_SEARCH_PATHS = (
					"$(inherited)",
					"@executable_path/Frameworks",
					"@loader_path/Frameworks",
				);
				PRODUCT_BUNDLE_IDENTIFIER = com.raonwhitehat.hanwePodsTest;
				PRODUCT_NAME = "$(TARGET_NAME:c99extidentifier)";
				SKIP_INSTALL = YES;
				SWIFT_OPTIMIZATION_LEVEL = "-Onone";
				SWIFT_VERSION = 5.0;
				TARGETED_DEVICE_FAMILY = "1,2";
			};
			name = Debug;
		};
		4F77FFC3243C64B600B1B07E /* Release */ = {
			isa = XCBuildConfiguration;
			buildSettings = {
				CLANG_ENABLE_MODULES = YES;
				CODE_SIGN_STYLE = Automatic;
				DEFINES_MODULE = YES;
				DEVELOPMENT_TEAM = RXBUP6L48V;
				DYLIB_COMPATIBILITY_VERSION = 1;
				DYLIB_CURRENT_VERSION = 1;
				DYLIB_INSTALL_NAME_BASE = "@rpath";
				INFOPLIST_FILE = hanwePodsTest/Info.plist;
				INSTALL_PATH = "$(LOCAL_LIBRARY_DIR)/Frameworks";
				LD_RUNPATH_SEARCH_PATHS = (
					"$(inherited)",
					"@executable_path/Frameworks",
					"@loader_path/Frameworks",
				);
				PRODUCT_BUNDLE_IDENTIFIER = com.raonwhitehat.hanwePodsTest;
				PRODUCT_NAME = "$(TARGET_NAME:c99extidentifier)";
				SKIP_INSTALL = YES;
				SWIFT_VERSION = 5.0;
				TARGETED_DEVICE_FAMILY = "1,2";
			};
			name = Release;
		};
		4F77FFC5243C64B600B1B07E /* Debug */ = {
			isa = XCBuildConfiguration;
			buildSettings = {
				ALWAYS_EMBED_SWIFT_STANDARD_LIBRARIES = YES;
				CODE_SIGN_STYLE = Automatic;
				DEVELOPMENT_TEAM = RXBUP6L48V;
				INFOPLIST_FILE = hanwePodsTestTests/Info.plist;
				LD_RUNPATH_SEARCH_PATHS = (
					"$(inherited)",
					"@executable_path/Frameworks",
					"@loader_path/Frameworks",
				);
				PRODUCT_BUNDLE_IDENTIFIER = com.raonwhitehat.hanwePodsTestTests;
				PRODUCT_NAME = "$(TARGET_NAME)";
				SWIFT_VERSION = 5.0;
				TARGETED_DEVICE_FAMILY = "1,2";
			};
			name = Debug;
		};
		4F77FFC6243C64B600B1B07E /* Release */ = {
			isa = XCBuildConfiguration;
			buildSettings = {
				ALWAYS_EMBED_SWIFT_STANDARD_LIBRARIES = YES;
				CODE_SIGN_STYLE = Automatic;
				DEVELOPMENT_TEAM = RXBUP6L48V;
				INFOPLIST_FILE = hanwePodsTestTests/Info.plist;
				LD_RUNPATH_SEARCH_PATHS = (
					"$(inherited)",
					"@executable_path/Frameworks",
					"@loader_path/Frameworks",
				);
				PRODUCT_BUNDLE_IDENTIFIER = com.raonwhitehat.hanwePodsTestTests;
				PRODUCT_NAME = "$(TARGET_NAME)";
				SWIFT_VERSION = 5.0;
				TARGETED_DEVICE_FAMILY = "1,2";
			};
			name = Release;
		};
/* End XCBuildConfiguration section */

/* Begin XCConfigurationList section */
		4F77FFA7243C64B600B1B07E /* Build configuration list for PBXProject "hanwePodsTest" */ = {
			isa = XCConfigurationList;
			buildConfigurations = (
				4F77FFBF243C64B600B1B07E /* Debug */,
				4F77FFC0243C64B600B1B07E /* Release */,
			);
			defaultConfigurationIsVisible = 0;
			defaultConfigurationName = Release;
		};
		4F77FFC1243C64B600B1B07E /* Build configuration list for PBXNativeTarget "hanwePodsTest" */ = {
			isa = XCConfigurationList;
			buildConfigurations = (
				4F77FFC2243C64B600B1B07E /* Debug */,
				4F77FFC3243C64B600B1B07E /* Release */,
			);
			defaultConfigurationIsVisible = 0;
			defaultConfigurationName = Release;
		};
		4F77FFC4243C64B600B1B07E /* Build configuration list for PBXNativeTarget "hanwePodsTestTests" */ = {
			isa = XCConfigurationList;
			buildConfigurations = (
				4F77FFC5243C64B600B1B07E /* Debug */,
				4F77FFC6243C64B600B1B07E /* Release */,
			);
			defaultConfigurationIsVisible = 0;
			defaultConfigurationName = Release;
		};
/* End XCConfigurationList section */
	};
	rootObject = 4F77FFA4243C64B600B1B07E /* Project object */;
}
